// !$*UTF8*$!
{
	archiveVersion = 1;
	classes = {
	};
	objectVersion = 46;
	objects = {

/* Begin PBXBuildFile section */
		28FBBFF40E0FBDE9A18F371D /* Pods_LogManagment.framework in Frameworks */ = {isa = PBXBuildFile; fileRef = 8895921847DC77481ADA8B5D /* Pods_LogManagment.framework */; };
		731D2FC51D69D57900F6394A /* AppDelegate.swift in Sources */ = {isa = PBXBuildFile; fileRef = 731D2FC41D69D57900F6394A /* AppDelegate.swift */; };
		731D2FC71D69D57900F6394A /* ViewController.swift in Sources */ = {isa = PBXBuildFile; fileRef = 731D2FC61D69D57900F6394A /* ViewController.swift */; };
		731D2FCA1D69D57900F6394A /* Main.storyboard in Resources */ = {isa = PBXBuildFile; fileRef = 731D2FC81D69D57900F6394A /* Main.storyboard */; };
		731D2FCC1D69D57900F6394A /* Assets.xcassets in Resources */ = {isa = PBXBuildFile; fileRef = 731D2FCB1D69D57900F6394A /* Assets.xcassets */; };
		731D2FCF1D69D57900F6394A /* LaunchScreen.storyboard in Resources */ = {isa = PBXBuildFile; fileRef = 731D2FCD1D69D57900F6394A /* LaunchScreen.storyboard */; };
		731D2FD81D69D6D900F6394A /* LogManager.swift in Sources */ = {isa = PBXBuildFile; fileRef = 731D2FD71D69D6D900F6394A /* LogManager.swift */; };
		7373DDE21D84663900F5DAB3 /* BaseClass.swift in Sources */ = {isa = PBXBuildFile; fileRef = 7373DDE11D84663900F5DAB3 /* BaseClass.swift */; };
		73FF6B8A20600D980053AF97 /* LICENSE.txt in Resources */ = {isa = PBXBuildFile; fileRef = 73FF6B8920600D980053AF97 /* LICENSE.txt */; };
/* End PBXBuildFile section */

/* Begin PBXFileReference section */
		731D2FC11D69D57900F6394A /* LogManagment.app */ = {isa = PBXFileReference; explicitFileType = wrapper.application; includeInIndex = 0; path = LogManagment.app; sourceTree = BUILT_PRODUCTS_DIR; };
		731D2FC41D69D57900F6394A /* AppDelegate.swift */ = {isa = PBXFileReference; lastKnownFileType = sourcecode.swift; path = AppDelegate.swift; sourceTree = "<group>"; };
		731D2FC61D69D57900F6394A /* ViewController.swift */ = {isa = PBXFileReference; lastKnownFileType = sourcecode.swift; path = ViewController.swift; sourceTree = "<group>"; };
		731D2FC91D69D57900F6394A /* Base */ = {isa = PBXFileReference; lastKnownFileType = file.storyboard; name = Base; path = Base.lproj/Main.storyboard; sourceTree = "<group>"; };
		731D2FCB1D69D57900F6394A /* Assets.xcassets */ = {isa = PBXFileReference; lastKnownFileType = folder.assetcatalog; path = Assets.xcassets; sourceTree = "<group>"; };
		731D2FCE1D69D57900F6394A /* Base */ = {isa = PBXFileReference; lastKnownFileType = file.storyboard; name = Base; path = Base.lproj/LaunchScreen.storyboard; sourceTree = "<group>"; };
		731D2FD01D69D57900F6394A /* Info.plist */ = {isa = PBXFileReference; lastKnownFileType = text.plist.xml; path = Info.plist; sourceTree = "<group>"; };
		731D2FD71D69D6D900F6394A /* LogManager.swift */ = {isa = PBXFileReference; fileEncoding = 4; lastKnownFileType = sourcecode.swift; path = LogManager.swift; sourceTree = "<group>"; };
		7373DDE11D84663900F5DAB3 /* BaseClass.swift */ = {isa = PBXFileReference; fileEncoding = 4; lastKnownFileType = sourcecode.swift; path = BaseClass.swift; sourceTree = "<group>"; };
		73FF6B87205FC0650053AF97 /* README.md */ = {isa = PBXFileReference; fileEncoding = 4; lastKnownFileType = net.daringfireball.markdown; path = README.md; sourceTree = "<group>"; };
		73FF6B8920600D980053AF97 /* LICENSE.txt */ = {isa = PBXFileReference; fileEncoding = 4; lastKnownFileType = text; path = LICENSE.txt; sourceTree = "<group>"; };
		8895921847DC77481ADA8B5D /* Pods_LogManagment.framework */ = {isa = PBXFileReference; explicitFileType = wrapper.framework; includeInIndex = 0; path = Pods_LogManagment.framework; sourceTree = BUILT_PRODUCTS_DIR; };
		8E20AA405CF8F055E8392483 /* Pods-LogManagment.release.xcconfig */ = {isa = PBXFileReference; includeInIndex = 1; lastKnownFileType = text.xcconfig; name = "Pods-LogManagment.release.xcconfig"; path = "Pods/Target Support Files/Pods-LogManagment/Pods-LogManagment.release.xcconfig"; sourceTree = "<group>"; };
		C21E98013233D145B5CB555D /* Pods-LogManagment.debug.xcconfig */ = {isa = PBXFileReference; includeInIndex = 1; lastKnownFileType = text.xcconfig; name = "Pods-LogManagment.debug.xcconfig"; path = "Pods/Target Support Files/Pods-LogManagment/Pods-LogManagment.debug.xcconfig"; sourceTree = "<group>"; };
/* End PBXFileReference section */

/* Begin PBXFrameworksBuildPhase section */
		731D2FBE1D69D57900F6394A /* Frameworks */ = {
			isa = PBXFrameworksBuildPhase;
			buildActionMask = 2147483647;
			files = (
				28FBBFF40E0FBDE9A18F371D /* Pods_LogManagment.framework in Frameworks */,
			);
			runOnlyForDeploymentPostprocessing = 0;
		};
/* End PBXFrameworksBuildPhase section */

/* Begin PBXGroup section */
		731D2FB81D69D57900F6394A = {
			isa = PBXGroup;
			children = (
				73FF6B8920600D980053AF97 /* LICENSE.txt */,
				73FF6B87205FC0650053AF97 /* README.md */,
				731D2FC31D69D57900F6394A /* LogManagment */,
				731D2FC21D69D57900F6394A /* Products */,
				CD07EB520DA0BD034895951C /* Pods */,
				CE35A9117B94EF8618BAD5C5 /* Frameworks */,
			);
			sourceTree = "<group>";
		};
		731D2FC21D69D57900F6394A /* Products */ = {
			isa = PBXGroup;
			children = (
				731D2FC11D69D57900F6394A /* LogManagment.app */,
			);
			name = Products;
			sourceTree = "<group>";
		};
		731D2FC31D69D57900F6394A /* LogManagment */ = {
			isa = PBXGroup;
			children = (
				731D2FD61D69D6B200F6394A /* Sources */,
				731D2FC41D69D57900F6394A /* AppDelegate.swift */,
				731D2FC81D69D57900F6394A /* Main.storyboard */,
				731D2FCB1D69D57900F6394A /* Assets.xcassets */,
				731D2FCD1D69D57900F6394A /* LaunchScreen.storyboard */,
				731D2FD01D69D57900F6394A /* Info.plist */,
				7373DDE11D84663900F5DAB3 /* BaseClass.swift */,
			);
			path = LogManagment;
			sourceTree = "<group>";
		};
		731D2FD61D69D6B200F6394A /* Sources */ = {
			isa = PBXGroup;
			children = (
				731D2FD71D69D6D900F6394A /* LogManager.swift */,
				731D2FC61D69D57900F6394A /* ViewController.swift */,
			);
			path = Sources;
			sourceTree = "<group>";
		};
		CD07EB520DA0BD034895951C /* Pods */ = {
			isa = PBXGroup;
			children = (
				C21E98013233D145B5CB555D /* Pods-LogManagment.debug.xcconfig */,
				8E20AA405CF8F055E8392483 /* Pods-LogManagment.release.xcconfig */,
			);
			name = Pods;
			sourceTree = "<group>";
		};
		CE35A9117B94EF8618BAD5C5 /* Frameworks */ = {
			isa = PBXGroup;
			children = (
				8895921847DC77481ADA8B5D /* Pods_LogManagment.framework */,
			);
			name = Frameworks;
			sourceTree = "<group>";
		};
/* End PBXGroup section */

/* Begin PBXNativeTarget section */
		731D2FC01D69D57900F6394A /* LogManagment */ = {
			isa = PBXNativeTarget;
			buildConfigurationList = 731D2FD31D69D57900F6394A /* Build configuration list for PBXNativeTarget "LogManagment" */;
			buildPhases = (
				5EC629EF56B583AA31538A30 /* [CP] Check Pods Manifest.lock */,
				18BC2E9AFEC80FC17F9B053E /* 📦 Check Pods Manifest.lock */,
				731D2FBD1D69D57900F6394A /* Sources */,
				731D2FBE1D69D57900F6394A /* Frameworks */,
				731D2FBF1D69D57900F6394A /* Resources */,
				4B4E9ED8A47BBD969F191668 /* 📦 Embed Pods Frameworks */,
				FFE9062877745F2D5023695E /* 📦 Copy Pods Resources */,
				D29366A3EDFC0ADE6BF8EB0E /* [CP] Embed Pods Frameworks */,
				D7936AB31D14A2D2F3642D83 /* [CP] Copy Pods Resources */,
			);
			buildRules = (
			);
			dependencies = (
			);
			name = LogManagment;
			productName = LogManagment;
			productReference = 731D2FC11D69D57900F6394A /* LogManagment.app */;
			productType = "com.apple.product-type.application";
		};
/* End PBXNativeTarget section */

/* Begin PBXProject section */
		731D2FB91D69D57900F6394A /* Project object */ = {
			isa = PBXProject;
			attributes = {
				LastSwiftUpdateCheck = 0800;
				LastUpgradeCheck = 0920;
				ORGANIZATIONNAME = "RABE_IT Services";
				TargetAttributes = {
					731D2FC01D69D57900F6394A = {
						CreatedOnToolsVersion = 8.0;
						DevelopmentTeam = 4VQVU766P5;
						LastSwiftMigration = 0920;
						ProvisioningStyle = Automatic;
					};
				};
			};
			buildConfigurationList = 731D2FBC1D69D57900F6394A /* Build configuration list for PBXProject "LogManagment" */;
			compatibilityVersion = "Xcode 3.2";
			developmentRegion = English;
			hasScannedForEncodings = 0;
			knownRegions = (
				en,
				Base,
			);
			mainGroup = 731D2FB81D69D57900F6394A;
			productRefGroup = 731D2FC21D69D57900F6394A /* Products */;
			projectDirPath = "";
			projectRoot = "";
			targets = (
				731D2FC01D69D57900F6394A /* LogManagment */,
			);
		};
/* End PBXProject section */

/* Begin PBXResourcesBuildPhase section */
		731D2FBF1D69D57900F6394A /* Resources */ = {
			isa = PBXResourcesBuildPhase;
			buildActionMask = 2147483647;
			files = (
				73FF6B8A20600D980053AF97 /* LICENSE.txt in Resources */,
				731D2FCF1D69D57900F6394A /* LaunchScreen.storyboard in Resources */,
				731D2FCC1D69D57900F6394A /* Assets.xcassets in Resources */,
				731D2FCA1D69D57900F6394A /* Main.storyboard in Resources */,
			);
			runOnlyForDeploymentPostprocessing = 0;
		};
/* End PBXResourcesBuildPhase section */

/* Begin PBXShellScriptBuildPhase section */
		18BC2E9AFEC80FC17F9B053E /* 📦 Check Pods Manifest.lock */ = {
			isa = PBXShellScriptBuildPhase;
			buildActionMask = 2147483647;
			files = (
			);
			inputPaths = (
			);
			name = "📦 Check Pods Manifest.lock";
			outputPaths = (
			);
			runOnlyForDeploymentPostprocessing = 0;
			shellPath = /bin/sh;
			shellScript = "diff \"${PODS_ROOT}/../Podfile.lock\" \"${PODS_ROOT}/Manifest.lock\" > /dev/null\nif [[ $? != 0 ]] ; then\n    cat << EOM\nerror: The sandbox is not in sync with the Podfile.lock. Run 'pod install' or update your CocoaPods installation.\nEOM\n    exit 1\nfi\n";
			showEnvVarsInLog = 0;
		};
		4B4E9ED8A47BBD969F191668 /* 📦 Embed Pods Frameworks */ = {
			isa = PBXShellScriptBuildPhase;
			buildActionMask = 2147483647;
			files = (
			);
			inputPaths = (
			);
			name = "📦 Embed Pods Frameworks";
			outputPaths = (
			);
			runOnlyForDeploymentPostprocessing = 0;
			shellPath = /bin/sh;
			shellScript = "\"${SRCROOT}/Pods/Target Support Files/Pods-LogManagment/Pods-LogManagment-frameworks.sh\"\n";
			showEnvVarsInLog = 0;
		};
		5EC629EF56B583AA31538A30 /* [CP] Check Pods Manifest.lock */ = {
			isa = PBXShellScriptBuildPhase;
			buildActionMask = 2147483647;
			files = (
			);
			inputPaths = (
				"${PODS_PODFILE_DIR_PATH}/Podfile.lock",
				"${PODS_ROOT}/Manifest.lock",
			);
			name = "[CP] Check Pods Manifest.lock";
			outputPaths = (
				"$(DERIVED_FILE_DIR)/Pods-LogManagment-checkManifestLockResult.txt",
			);
			runOnlyForDeploymentPostprocessing = 0;
			shellPath = /bin/sh;
			shellScript = "diff \"${PODS_PODFILE_DIR_PATH}/Podfile.lock\" \"${PODS_ROOT}/Manifest.lock\" > /dev/null\nif [ $? != 0 ] ; then\n    # print error to STDERR\n    echo \"error: The sandbox is not in sync with the Podfile.lock. Run 'pod install' or update your CocoaPods installation.\" >&2\n    exit 1\nfi\n# This output is used by Xcode 'outputs' to avoid re-running this script phase.\necho \"SUCCESS\" > \"${SCRIPT_OUTPUT_FILE_0}\"\n";
			showEnvVarsInLog = 0;
		};
		D29366A3EDFC0ADE6BF8EB0E /* [CP] Embed Pods Frameworks */ = {
			isa = PBXShellScriptBuildPhase;
			buildActionMask = 2147483647;
			files = (
			);
			inputPaths = (
				"${SRCROOT}/Pods/Target Support Files/Pods-LogManagment/Pods-LogManagment-frameworks.sh",
				"${BUILT_PRODUCTS_DIR}/CocoaLumberjack/CocoaLumberjack.framework",
			);
			name = "[CP] Embed Pods Frameworks";
			outputPaths = (
				"${TARGET_BUILD_DIR}/${FRAMEWORKS_FOLDER_PATH}/CocoaLumberjack.framework",
			);
			runOnlyForDeploymentPostprocessing = 0;
			shellPath = /bin/sh;
			shellScript = "\"${SRCROOT}/Pods/Target Support Files/Pods-LogManagment/Pods-LogManagment-frameworks.sh\"\n";
			showEnvVarsInLog = 0;
		};
		D7936AB31D14A2D2F3642D83 /* [CP] Copy Pods Resources */ = {
			isa = PBXShellScriptBuildPhase;
			buildActionMask = 2147483647;
			files = (
			);
			inputPaths = (
			);
			name = "[CP] Copy Pods Resources";
			outputPaths = (
			);
			runOnlyForDeploymentPostprocessing = 0;
			shellPath = /bin/sh;
			shellScript = "\"${SRCROOT}/Pods/Target Support Files/Pods-LogManagment/Pods-LogManagment-resources.sh\"\n";
			showEnvVarsInLog = 0;
		};
		FFE9062877745F2D5023695E /* 📦 Copy Pods Resources */ = {
			isa = PBXShellScriptBuildPhase;
			buildActionMask = 2147483647;
			files = (
			);
			inputPaths = (
			);
			name = "📦 Copy Pods Resources";
			outputPaths = (
			);
			runOnlyForDeploymentPostprocessing = 0;
			shellPath = /bin/sh;
			shellScript = "\"${SRCROOT}/Pods/Target Support Files/Pods-LogManagment/Pods-LogManagment-resources.sh\"\n";
			showEnvVarsInLog = 0;
		};
/* End PBXShellScriptBuildPhase section */

/* Begin PBXSourcesBuildPhase section */
		731D2FBD1D69D57900F6394A /* Sources */ = {
			isa = PBXSourcesBuildPhase;
			buildActionMask = 2147483647;
			files = (
				731D2FD81D69D6D900F6394A /* LogManager.swift in Sources */,
				731D2FC71D69D57900F6394A /* ViewController.swift in Sources */,
				731D2FC51D69D57900F6394A /* AppDelegate.swift in Sources */,
				7373DDE21D84663900F5DAB3 /* BaseClass.swift in Sources */,
			);
			runOnlyForDeploymentPostprocessing = 0;
		};
/* End PBXSourcesBuildPhase section */

/* Begin PBXVariantGroup section */
		731D2FC81D69D57900F6394A /* Main.storyboard */ = {
			isa = PBXVariantGroup;
			children = (
				731D2FC91D69D57900F6394A /* Base */,
			);
			name = Main.storyboard;
			sourceTree = "<group>";
		};
		731D2FCD1D69D57900F6394A /* LaunchScreen.storyboard */ = {
			isa = PBXVariantGroup;
			children = (
				731D2FCE1D69D57900F6394A /* Base */,
			);
			name = LaunchScreen.storyboard;
			sourceTree = "<group>";
		};
/* End PBXVariantGroup section */

/* Begin XCBuildConfiguration section */
		731D2FD11D69D57900F6394A /* Debug */ = {
			isa = XCBuildConfiguration;
			buildSettings = {
				ALWAYS_SEARCH_USER_PATHS = NO;
				CLANG_ANALYZER_NONNULL = YES;
				CLANG_CXX_LANGUAGE_STANDARD = "gnu++0x";
				CLANG_CXX_LIBRARY = "libc++";
				CLANG_ENABLE_MODULES = YES;
				CLANG_ENABLE_OBJC_ARC = YES;
				CLANG_WARN_BLOCK_CAPTURE_AUTORELEASING = YES;
				CLANG_WARN_BOOL_CONVERSION = YES;
				CLANG_WARN_COMMA = YES;
				CLANG_WARN_CONSTANT_CONVERSION = YES;
				CLANG_WARN_DIRECT_OBJC_ISA_USAGE = YES_ERROR;
				CLANG_WARN_DOCUMENTATION_COMMENTS = YES;
				CLANG_WARN_EMPTY_BODY = YES;
				CLANG_WARN_ENUM_CONVERSION = YES;
				CLANG_WARN_INFINITE_RECURSION = YES;
				CLANG_WARN_INT_CONVERSION = YES;
				CLANG_WARN_NON_LITERAL_NULL_CONVERSION = YES;
				CLANG_WARN_OBJC_LITERAL_CONVERSION = YES;
				CLANG_WARN_OBJC_ROOT_CLASS = YES_ERROR;
				CLANG_WARN_RANGE_LOOP_ANALYSIS = YES;
				CLANG_WARN_STRICT_PROTOTYPES = YES;
				CLANG_WARN_SUSPICIOUS_MOVE = YES;
				CLANG_WARN_SUSPICIOUS_MOVES = YES;
				CLANG_WARN_UNREACHABLE_CODE = YES;
				CLANG_WARN__DUPLICATE_METHOD_MATCH = YES;
				"CODE_SIGN_IDENTITY[sdk=iphoneos*]" = "iPhone Developer";
				COPY_PHASE_STRIP = NO;
				DEBUG_INFORMATION_FORMAT = dwarf;
				ENABLE_STRICT_OBJC_MSGSEND = YES;
				ENABLE_TESTABILITY = YES;
				GCC_C_LANGUAGE_STANDARD = gnu99;
				GCC_DYNAMIC_NO_PIC = NO;
				GCC_NO_COMMON_BLOCKS = YES;
				GCC_OPTIMIZATION_LEVEL = 0;
				GCC_PREPROCESSOR_DEFINITIONS = (
					"DEBUG=1",
					"$(inherited)",
				);
				GCC_WARN_64_TO_32_BIT_CONVERSION = YES;
				GCC_WARN_ABOUT_RETURN_TYPE = YES_ERROR;
				GCC_WARN_UNDECLARED_SELECTOR = YES;
				GCC_WARN_UNINITIALIZED_AUTOS = YES_AGGRESSIVE;
				GCC_WARN_UNUSED_FUNCTION = YES;
				GCC_WARN_UNUSED_VARIABLE = YES;
				IPHONEOS_DEPLOYMENT_TARGET = 9.0;
				MTL_ENABLE_DEBUG_INFO = YES;
				ONLY_ACTIVE_ARCH = YES;
				SDKROOT = iphoneos;
				SWIFT_ACTIVE_COMPILATION_CONDITIONS = DEBUG;
				SWIFT_OPTIMIZATION_LEVEL = "-Onone";
			};
			name = Debug;
		};
		731D2FD21D69D57900F6394A /* Release */ = {
			isa = XCBuildConfiguration;
			buildSettings = {
				ALWAYS_SEARCH_USER_PATHS = NO;
				CLANG_ANALYZER_NONNULL = YES;
				CLANG_CXX_LANGUAGE_STANDARD = "gnu++0x";
				CLANG_CXX_LIBRARY = "libc++";
				CLANG_ENABLE_MODULES = YES;
				CLANG_ENABLE_OBJC_ARC = YES;
				CLANG_WARN_BLOCK_CAPTURE_AUTORELEASING = YES;
				CLANG_WARN_BOOL_CONVERSION = YES;
				CLANG_WARN_COMMA = YES;
				CLANG_WARN_CONSTANT_CONVERSION = YES;
				CLANG_WARN_DIRECT_OBJC_ISA_USAGE = YES_ERROR;
				CLANG_WARN_DOCUMENTATION_COMMENTS = YES;
				CLANG_WARN_EMPTY_BODY = YES;
				CLANG_WARN_ENUM_CONVERSION = YES;
				CLANG_WARN_INFINITE_RECURSION = YES;
				CLANG_WARN_INT_CONVERSION = YES;
				CLANG_WARN_NON_LITERAL_NULL_CONVERSION = YES;
				CLANG_WARN_OBJC_LITERAL_CONVERSION = YES;
				CLANG_WARN_OBJC_ROOT_CLASS = YES_ERROR;
				CLANG_WARN_RANGE_LOOP_ANALYSIS = YES;
				CLANG_WARN_STRICT_PROTOTYPES = YES;
				CLANG_WARN_SUSPICIOUS_MOVE = YES;
				CLANG_WARN_SUSPICIOUS_MOVES = YES;
				CLANG_WARN_UNREACHABLE_CODE = YES;
				CLANG_WARN__DUPLICATE_METHOD_MATCH = YES;
				"CODE_SIGN_IDENTITY[sdk=iphoneos*]" = "iPhone Developer";
				COPY_PHASE_STRIP = NO;
				DEBUG_INFORMATION_FORMAT = "dwarf-with-dsym";
				ENABLE_NS_ASSERTIONS = NO;
				ENABLE_STRICT_OBJC_MSGSEND = YES;
				GCC_C_LANGUAGE_STANDARD = gnu99;
				GCC_NO_COMMON_BLOCKS = YES;
				GCC_WARN_64_TO_32_BIT_CONVERSION = YES;
				GCC_WARN_ABOUT_RETURN_TYPE = YES_ERROR;
				GCC_WARN_UNDECLARED_SELECTOR = YES;
				GCC_WARN_UNINITIALIZED_AUTOS = YES_AGGRESSIVE;
				GCC_WARN_UNUSED_FUNCTION = YES;
				GCC_WARN_UNUSED_VARIABLE = YES;
				IPHONEOS_DEPLOYMENT_TARGET = 9.0;
				MTL_ENABLE_DEBUG_INFO = NO;
				SDKROOT = iphoneos;
				SWIFT_OPTIMIZATION_LEVEL = "-Owholemodule";
				VALIDATE_PRODUCT = YES;
			};
			name = Release;
		};
		731D2FD41D69D57900F6394A /* Debug */ = {
			isa = XCBuildConfiguration;
			baseConfigurationReference = C21E98013233D145B5CB555D /* Pods-LogManagment.debug.xcconfig */;
			buildSettings = {
				ASSETCATALOG_COMPILER_APPICON_NAME = AppIcon;
				DEVELOPMENT_TEAM = 4VQVU766P5;
				INFOPLIST_FILE = LogManagment/Info.plist;
				LD_RUNPATH_SEARCH_PATHS = "$(inherited) @executable_path/Frameworks";
				PRODUCT_BUNDLE_IDENTIFIER = de.berndrabe.LogManagment;
				PRODUCT_NAME = "$(TARGET_NAME)";
				SWIFT_SWIFT3_OBJC_INFERENCE = Default;
				SWIFT_VERSION = 4.0;
			};
			name = Debug;
		};
		731D2FD51D69D57900F6394A /* Release */ = {
			isa = XCBuildConfiguration;
			baseConfigurationReference = 8E20AA405CF8F055E8392483 /* Pods-LogManagment.release.xcconfig */;
			buildSettings = {
				ASSETCATALOG_COMPILER_APPICON_NAME = AppIcon;
				DEVELOPMENT_TEAM = 4VQVU766P5;
				INFOPLIST_FILE = LogManagment/Info.plist;
				LD_RUNPATH_SEARCH_PATHS = "$(inherited) @executable_path/Frameworks";
				PRODUCT_BUNDLE_IDENTIFIER = de.berndrabe.LogManagment;
				PRODUCT_NAME = "$(TARGET_NAME)";
				SWIFT_SWIFT3_OBJC_INFERENCE = Default;
				SWIFT_VERSION = 4.0;
			};
			name = Release;
		};
/* End XCBuildConfiguration section */

/* Begin XCConfigurationList section */
		731D2FBC1D69D57900F6394A /* Build configuration list for PBXProject "LogManagment" */ = {
			isa = XCConfigurationList;
			buildConfigurations = (
				731D2FD11D69D57900F6394A /* Debug */,
				731D2FD21D69D57900F6394A /* Release */,
			);
			defaultConfigurationIsVisible = 0;
			defaultConfigurationName = Release;
		};
		731D2FD31D69D57900F6394A /* Build configuration list for PBXNativeTarget "LogManagment" */ = {
			isa = XCConfigurationList;
			buildConfigurations = (
				731D2FD41D69D57900F6394A /* Debug */,
				731D2FD51D69D57900F6394A /* Release */,
			);
			defaultConfigurationIsVisible = 0;
			defaultConfigurationName = Release;
		};
/* End XCConfigurationList section */
	};
	rootObject = 731D2FB91D69D57900F6394A /* Project object */;
}
